
Microsoft Visual Studio Solution File, Format Version 12.00
# Visual Studio Version 16
VisualStudioVersion = 16.0.31911.196
MinimumVisualStudioVersion = 10.0.40219.1
Project("{FAE04EC0-301F-11D3-BF4B-00C04F79EFBC}") = "ProductStock.Api", "ProductStock.Api\ProductStock.Api.csproj", "{5CD71AA1-A6DB-4011-9CFA-E5845EC034AB}"
EndProject
Project("{FAE04EC0-301F-11D3-BF4B-00C04F79EFBC}") = "ProductStock.Core", "ProductStock.Core\ProductStock.Core.csproj", "{D63BF945-A24F-483A-8FEC-DFD4445994CA}"
EndProject
Project("{FAE04EC0-301F-11D3-BF4B-00C04F79EFBC}") = "ProductStock.Data", "ProductStock.Data\ProductStock.Data.csproj", "{05DBE15E-71A2-4BBB-833D-5647F4B751D3}"
EndProject
Project("{FAE04EC0-301F-11D3-BF4B-00C04F79EFBC}") = "ProductStock.Service", "ProductStock.Service\ProductStock.Service.csproj", "{0D4CA947-30D5-4E06-B304-3537F27F6B5C}"
EndProject
Project("{FAE04EC0-301F-11D3-BF4B-00C04F79EFBC}") = "ProductStock.UnitTest", "ProductStock.UnitTest\ProductStock.UnitTest.csproj", "{51ACC842-8E5C-482D-816F-8D4E76796C67}"
EndProject
Global
	GlobalSection(SolutionConfigurationPlatforms) = preSolution
		Debug|Any CPU = Debug|Any CPU
		Release|Any CPU = Release|Any CPU
	EndGlobalSection
	GlobalSection(ProjectConfigurationPlatforms) = postSolution
		{5CD71AA1-A6DB-4011-9CFA-E5845EC034AB}.Debug|Any CPU.ActiveCfg = Debug|Any CPU
		{5CD71AA1-A6DB-4011-9CFA-E5845EC034AB}.Debug|Any CPU.Build.0 = Debug|Any CPU
		{5CD71AA1-A6DB-4011-9CFA-E5845EC034AB}.Release|Any CPU.ActiveCfg = Release|Any CPU
		{5CD71AA1-A6DB-4011-9CFA-E5845EC034AB}.Release|Any CPU.Build.0 = Release|Any CPU
		{D63BF945-A24F-483A-8FEC-DFD4445994CA}.Debug|Any CPU.ActiveCfg = Debug|Any CPU
		{D63BF945-A24F-483A-8FEC-DFD4445994CA}.Debug|Any CPU.Build.0 = Debug|Any CPU
		{D63BF945-A24F-483A-8FEC-DFD4445994CA}.Release|Any CPU.ActiveCfg = Release|Any CPU
		{D63BF945-A24F-483A-8FEC-DFD4445994CA}.Release|Any CPU.Build.0 = Release|Any CPU
		{05DBE15E-71A2-4BBB-833D-5647F4B751D3}.Debug|Any CPU.ActiveCfg = Debug|Any CPU
		{05DBE15E-71A2-4BBB-833D-5647F4B751D3}.Debug|Any CPU.Build.0 = Debug|Any CPU
		{05DBE15E-71A2-4BBB-833D-5647F4B751D3}.Release|Any CPU.ActiveCfg = Release|Any CPU
		{05DBE15E-71A2-4BBB-833D-5647F4B751D3}.Release|Any CPU.Build.0 = Release|Any CPU
		{0D4CA947-30D5-4E06-B304-3537F27F6B5C}.Debug|Any CPU.ActiveCfg = Debug|Any CPU
		{0D4CA947-30D5-4E06-B304-3537F27F6B5C}.Debug|Any CPU.Build.0 = Debug|Any CPU
		{0D4CA947-30D5-4E06-B304-3537F27F6B5C}.Release|Any CPU.ActiveCfg = Release|Any CPU
		{0D4CA947-30D5-4E06-B304-3537F27F6B5C}.Release|Any CPU.Build.0 = Release|Any CPU
		{51ACC842-8E5C-482D-816F-8D4E76796C67}.Debug|Any CPU.ActiveCfg = Debug|Any CPU
		{51ACC842-8E5C-482D-816F-8D4E76796C67}.Debug|Any CPU.Build.0 = Debug|Any CPU
		{51ACC842-8E5C-482D-816F-8D4E76796C67}.Release|Any CPU.ActiveCfg = Release|Any CPU
		{51ACC842-8E5C-482D-816F-8D4E76796C67}.Release|Any CPU.Build.0 = Release|Any CPU
	EndGlobalSection
	GlobalSection(SolutionProperties) = preSolution
		HideSolutionNode = FALSE
	EndGlobalSection
	GlobalSection(ExtensibilityGlobals) = postSolution
		SolutionGuid = {79D18052-533A-4E6B-99B0-C4282FCB87E9}
	EndGlobalSection
EndGlobal
